// !$*UTF8*$!
{
	archiveVersion = 1;
	classes = {
	};
	objectVersion = 46;
	objects = {

/* Begin PBXBuildFile section */
		840374621D1668C8009D7D64 /* Sign.h in CopyFiles */ = {isa = PBXBuildFile; fileRef = 840374611D1668C8009D7D64 /* Sign.h */; };
		840374641D1668C8009D7D64 /* Sign.m in Sources */ = {isa = PBXBuildFile; fileRef = 840374631D1668C8009D7D64 /* Sign.m */; };
/* End PBXBuildFile section */

/* Begin PBXCopyFilesBuildPhase section */
		8403745C1D1668C8009D7D64 /* CopyFiles */ = {
			isa = PBXCopyFilesBuildPhase;
			buildActionMask = 2147483647;
			dstPath = "include/$(PRODUCT_NAME)";
			dstSubfolderSpec = 16;
			files = (
				840374621D1668C8009D7D64 /* Sign.h in CopyFiles */,
			);
			runOnlyForDeploymentPostprocessing = 0;
		};
/* End PBXCopyFilesBuildPhase section */

/* Begin PBXFileReference section */
		8403745E1D1668C8009D7D64 /* libSign.a */ = {isa = PBXFileReference; explicitFileType = archive.ar; includeInIndex = 0; path = libSign.a; sourceTree = BUILT_PRODUCTS_DIR; };
		840374611D1668C8009D7D64 /* Sign.h */ = {isa = PBXFileReference; lastKnownFileType = sourcecode.c.h; path = Sign.h; sourceTree = "<group>"; };
		840374631D1668C8009D7D64 /* Sign.m */ = {isa = PBXFileReference; lastKnownFileType = sourcecode.c.objc; path = Sign.m; sourceTree = "<group>"; };
/* End PBXFileReference section */

/* Begin PBXFrameworksBuildPhase section */
		8403745B1D1668C8009D7D64 /* Frameworks */ = {
			isa = PBXFrameworksBuildPhase;
			buildActionMask = 2147483647;
			files = (
			);
			runOnlyForDeploymentPostprocessing = 0;
		};
/* End PBXFrameworksBuildPhase section */

/* Begin PBXGroup section */
		840374551D1668C8009D7D64 = {
			isa = PBXGroup;
			children = (
				840374601D1668C8009D7D64 /* Sign */,
				8403745F1D1668C8009D7D64 /* Products */,
			);
			sourceTree = "<group>";
		};
		8403745F1D1668C8009D7D64 /* Products */ = {
			isa = PBXGroup;
			children = (
				8403745E1D1668C8009D7D64 /* libSign.a */,
			);
			name = Products;
			sourceTree = "<group>";
		};
		840374601D1668C8009D7D64 /* Sign */ = {
			isa = PBXGroup;
			children = (
				840374611D1668C8009D7D64 /* Sign.h */,
				840374631D1668C8009D7D64 /* Sign.m */,
			);
			path = Sign;
			sourceTree = "<group>";
		};
/* End PBXGroup section */

/* Begin PBXNativeTarget section */
		8403745D1D1668C8009D7D64 /* Sign */ = {
			isa = PBXNativeTarget;
			buildConfigurationList = 840374671D1668C8009D7D64 /* Build configuration list for PBXNativeTarget "Sign" */;
			buildPhases = (
				8403745A1D1668C8009D7D64 /* Sources */,
				8403745B1D1668C8009D7D64 /* Frameworks */,
				8403745C1D1668C8009D7D64 /* CopyFiles */,
			);
			buildRules = (
			);
			dependencies = (
			);
			name = Sign;
			productName = Sign;
			productReference = 8403745E1D1668C8009D7D64 /* libSign.a */;
			productType = "com.apple.product-type.library.static";
		};
/* End PBXNativeTarget section */

/* Begin PBXProject section */
		840374561D1668C8009D7D64 /* Project object */ = {
			isa = PBXProject;
			attributes = {
				LastUpgradeCheck = 0730;
				ORGANIZATIONNAME = ishi;
				TargetAttributes = {
					8403745D1D1668C8009D7D64 = {
						CreatedOnToolsVersion = 7.3.1;
					};
				};
			};
			buildConfigurationList = 840374591D1668C8009D7D64 /* Build configuration list for PBXProject "Sign" */;
			compatibilityVersion = "Xcode 3.2";
			developmentRegion = English;
			hasScannedForEncodings = 0;
			knownRegions = (
				en,
			);
			mainGroup = 840374551D1668C8009D7D64;
			productRefGroup = 8403745F1D1668C8009D7D64 /* Products */;
			projectDirPath = "";
			projectRoot = "";
			targets = (
				8403745D1D1668C8009D7D64 /* Sign */,
			);
		};
/* End PBXProject section */

/* Begin PBXSourcesBuildPhase section */
		8403745A1D1668C8009D7D64 /* Sources */ = {
			isa = PBXSourcesBuildPhase;
			buildActionMask = 2147483647;
			files = (
				840374641D1668C8009D7D64 /* Sign.m in Sources */,
			);
			runOnlyForDeploymentPostprocessing = 0;
		};
/* End PBXSourcesBuildPhase section */

/* Begin XCBuildConfiguration section */
		840374651D1668C8009D7D64 /* Debug */ = {
			isa = XCBuildConfiguration;
			buildSettings = {
				ALWAYS_SEARCH_USER_PATHS = NO;
				CLANG_ANALYZER_NONNULL = YES;
				CLANG_CXX_LANGUAGE_STANDARD = "gnu++0x";
				CLANG_CXX_LIBRARY = "libc++";
				CLANG_ENABLE_MODULES = YES;
				CLANG_ENABLE_OBJC_ARC = YES;
				CLANG_WARN_BOOL_CONVERSION = YES;
				CLANG_WARN_CONSTANT_CONVERSION = YES;
				CLANG_WARN_DIRECT_OBJC_ISA_USAGE = YES_ERROR;
				CLANG_WARN_EMPTY_BODY = YES;
				CLANG_WARN_ENUM_CONVERSION = YES;
				CLANG_WARN_INT_CONVERSION = YES;
				CLANG_WARN_OBJC_ROOT_CLASS = YES_ERROR;
				CLANG_WARN_UNREACHABLE_CODE = YES;
				CLANG_WARN__DUPLICATE_METHOD_MATCH = YES;
				"CODE_SIGN_IDENTITY[sdk=iphoneos*]" = "iPhone Developer";
				COPY_PHASE_STRIP = NO;
				DEBUG_INFORMATION_FORMAT = dwarf;
				ENABLE_STRICT_OBJC_MSGSEND = YES;
				ENABLE_TESTABILITY = YES;
				GCC_C_LANGUAGE_STANDARD = gnu99;
				GCC_DYNAMIC_NO_PIC = NO;
				GCC_NO_COMMON_BLOCKS = YES;
				GCC_OPTIMIZATION_LEVEL = 0;
				GCC_PREPROCESSOR_DEFINITIONS = (
					"DEBUG=1",
					"$(inherited)",
				);
				GCC_WARN_64_TO_32_BIT_CONVERSION = YES;
				GCC_WARN_ABOUT_RETURN_TYPE = YES_ERROR;
				GCC_WARN_UNDECLARED_SELECTOR = YES;
				GCC_WARN_UNINITIALIZED_AUTOS = YES_AGGRESSIVE;
				GCC_WARN_UNUSED_FUNCTION = YES;
				GCC_WARN_UNUSED_VARIABLE = YES;
				IPHONEOS_DEPLOYMENT_TARGET = 9.3;
				MTL_ENABLE_DEBUG_INFO = YES;
				ONLY_ACTIVE_ARCH = YES;
				SDKROOT = iphoneos;
			};
			name = Debug;
		};
		840374661D1668C8009D7D64 /* Release */ = {
			isa = XCBuildConfiguration;
			buildSettings = {
				ALWAYS_SEARCH_USER_PATHS = NO;
				CLANG_ANALYZER_NONNULL = YES;
				CLANG_CXX_LANGUAGE_STANDARD = "gnu++0x";
				CLANG_CXX_LIBRARY = "libc++";
				CLANG_ENABLE_MODULES = YES;
				CLANG_ENABLE_OBJC_ARC = YES;
				CLANG_WARN_BOOL_CONVERSION = YES;
				CLANG_WARN_CONSTANT_CONVERSION = YES;
				CLANG_WARN_DIRECT_OBJC_ISA_USAGE = YES_ERROR;
				CLANG_WARN_EMPTY_BODY = YES;
				CLANG_WARN_ENUM_CONVERSION = YES;
				CLANG_WARN_INT_CONVERSION = YES;
				CLANG_WARN_OBJC_ROOT_CLASS = YES_ERROR;
				CLANG_WARN_UNREACHABLE_CODE = YES;
				CLANG_WARN__DUPLICATE_METHOD_MATCH = YES;
				"CODE_SIGN_IDENTITY[sdk=iphoneos*]" = "iPhone Developer";
				COPY_PHASE_STRIP = NO;
				DEBUG_INFORMATION_FORMAT = "dwarf-with-dsym";
				ENABLE_NS_ASSERTIONS = NO;
				ENABLE_STRICT_OBJC_MSGSEND = YES;
				GCC_C_LANGUAGE_STANDARD = gnu99;
				GCC_NO_COMMON_BLOCKS = YES;
				GCC_WARN_64_TO_32_BIT_CONVERSION = YES;
				GCC_WARN_ABOUT_RETURN_TYPE = YES_ERROR;
				GCC_WARN_UNDECLARED_SELECTOR = YES;
				GCC_WARN_UNINITIALIZED_AUTOS = YES_AGGRESSIVE;
				GCC_WARN_UNUSED_FUNCTION = YES;
				GCC_WARN_UNUSED_VARIABLE = YES;
				IPHONEOS_DEPLOYMENT_TARGET = 9.3;
				MTL_ENABLE_DEBUG_INFO = NO;
				SDKROOT = iphoneos;
				VALIDATE_PRODUCT = YES;
			};
			name = Release;
		};
		840374681D1668C8009D7D64 /* Debug */ = {
			isa = XCBuildConfiguration;
			buildSettings = {
				OTHER_LDFLAGS = "-ObjC";
				PRODUCT_NAME = "$(TARGET_NAME)";
				SKIP_INSTALL = YES;
			};
			name = Debug;
		};
		840374691D1668C8009D7D64 /* Release */ = {
			isa = XCBuildConfiguration;
			buildSettings = {
				OTHER_LDFLAGS = "-ObjC";
				PRODUCT_NAME = "$(TARGET_NAME)";
				SKIP_INSTALL = YES;
			};
			name = Release;
		};
/* End XCBuildConfiguration section */

/* Begin XCConfigurationList section */
		840374591D1668C8009D7D64 /* Build configuration list for PBXProject "Sign" */ = {
			isa = XCConfigurationList;
			buildConfigurations = (
				840374651D1668C8009D7D64 /* Debug */,
				840374661D1668C8009D7D64 /* Release */,
			);
			defaultConfigurationIsVisible = 0;
			defaultConfigurationName = Release;
		};
		840374671D1668C8009D7D64 /* Build configuration list for PBXNativeTarget "Sign" */ = {
			isa = XCConfigurationList;
			buildConfigurations = (
				840374681D1668C8009D7D64 /* Debug */,
				840374691D1668C8009D7D64 /* Release */,
			);
			defaultConfigurationIsVisible = 0;
		};
/* End XCConfigurationList section */
	};
	rootObject = 840374561D1668C8009D7D64 /* Project object */;
}
